
Microsoft Visual Studio Solution File, Format Version 12.00
# Visual Studio 15
VisualStudioVersion = 15.0.27703.2026
MinimumVisualStudioVersion = 10.0.40219.1
Project("{FAE04EC0-301F-11D3-BF4B-00C04F79EFBC}") = "WebApp", "WebApp\WebApp.csproj", "{D9CF5CB7-02A2-4FAC-9180-BD5C2485B1A6}"
EndProject
Global
	GlobalSection(SolutionConfigurationPlatforms) = preSolution
		Debug|Any CPU = Debug|Any CPU
		Release|Any CPU = Release|Any CPU
	EndGlobalSection
	GlobalSection(ProjectConfigurationPlatforms) = postSolution
		{D9CF5CB7-02A2-4FAC-9180-BD5C2485B1A6}.Debug|Any CPU.ActiveCfg = Debug|Any CPU
		{D9CF5CB7-02A2-4FAC-9180-BD5C2485B1A6}.Debug|Any CPU.Build.0 = Debug|Any CPU
		{D9CF5CB7-02A2-4FAC-9180-BD5C2485B1A6}.Release|Any CPU.ActiveCfg = Release|Any CPU
		{D9CF5CB7-02A2-4FAC-9180-BD5C2485B1A6}.Release|Any CPU.Build.0 = Release|Any CPU
	EndGlobalSection
	GlobalSection(SolutionProperties) = preSolution
		HideSolutionNode = FALSE
	EndGlobalSection
	GlobalSection(ExtensibilityGlobals) = postSolution
		SolutionGuid = {F7275815-382A-486A-8B52-BE379861DDC5}
	EndGlobalSection
EndGlobal
